{
  "name": "midgard-yarn-strict",
  "version": "1.0.0",
  "lockfileVersion": 1,
  "requires": true,
  "dependencies": {
    "@types/node": {
      "version": "14.14.26",
      "resolved": "https://registry.npmjs.org/@types/node/-/node-14.14.26.tgz",
      "integrity": "sha512-skWxepWOs+VArEBWd2S/VR3wUavioIIx9/HzW+UJiIjtwa6+kNXdsOeq7FfxDXf56hIcL0ieo2brwMgBJ1+lhw==",
      "dev": true
    },
    "typescript": {
      "version": "4.1.5",
      "resolved": "https://registry.npmjs.org/typescript/-/typescript-4.1.5.tgz",
      "integrity": "sha512-6OSu9PTIzmn9TCDiovULTnET6BgXtDYL4Gg4szY+cGsc3JP1dQL8qvE8kShTRx1NIw4Q9IBHlwODjkjWEtMUyA==",
      "dev": true
    }
  }
}
